PODS:
  - LFSideViewController (1.2.0)

DEPENDENCIES:
  - LFSideViewController (from `../`)

EXTERNAL SOURCES:
  LFSideViewController:
    :path: ../

SPEC CHECKSUMS:
  LFSideViewController: 5d0a9929c47f8f995cd4709916545276cca2df6e

PODFILE CHECKSUM: fb3f80c94da5fea86a77a0f5958b2ce90b69e970

COCOAPODS: 1.0.0
